{
  "originHash" : "4d4f47fc20f17cb010ce7f8c07abe141fd6d4b5e894c0ecdcc64ac1f14bda4ff",
  "pins" : [
    {
      "identity" : "axistabview",
      "kind" : "remoteSourceControl",
      "location" : "https://github.com/jasudev/AxisTabView",
      "state" : {
        "branch" : "main",
        "revision" : "a96f3ad288a733f1c774ea57bad8be87b45aa56e"
      }
    },
    {
      "identity" : "lazy-view-swiftui",
      "kind" : "remoteSourceControl",
      "location" : "https://github.com/joehinkle11/Lazy-View-SwiftUI",
      "state" : {
        "branch" : "master",
        "revision" : "0f838ed8eb0beb3faab35aae225f2545a1dd5338"
      }
    },
    {
      "identity" : "loremipsum",
      "kind" : "remoteSourceControl",
      "location" : "https://github.com/lukaskubanek/LoremIpsum",
      "state" : {
        "branch" : "master",
        "revision" : "3c739014fd11bcf0a3b2263b95b89d12f1257579"
      }
    },
    {
      "identity" : "scalingheaderscrollview",
      "kind" : "remoteSourceControl",
      "location" : "https://github.com/exyte/ScalingHeaderScrollView",
      "state" : {
        "branch" : "master",
        "revision" : "87cc269444490be1ba231038718267aceca1f895"
      }
    },
    {
      "identity" : "swift-log",
      "kind" : "remoteSourceControl",
      "location" : "https://github.com/apple/swift-log.git",
      "state" : {
        "revision" : "9cb486020ebf03bfa5b5df985387a14a98744537",
        "version" : "1.6.1"
      }
    },
    {
      "identity" : "swiftui-introspect",
      "kind" : "remoteSourceControl",
      "location" : "https://github.com/siteline/swiftui-introspect",
      "state" : {
        "branch" : "main",
        "revision" : "807f73ce09a9b9723f12385e592b4e0aaebd3336"
      }
    },
    {
      "identity" : "ztron-routing-kit",
      "kind" : "remoteSourceControl",
      "location" : "https://github.com/NickTheFreak97/ztron-routing-kit.git",
      "state" : {
        "branch" : "main",
        "revision" : "b2806b68f199c6a5f51572da90c6357f5a09dd3f"
      }
    },
    {
      "identity" : "ztronrouter",
      "kind" : "remoteSourceControl",
      "location" : "https://github.com/NiccoloBargioni/ZTronRouter",
      "state" : {
        "branch" : "main",
        "revision" : "99c3dee492c5619e86ea3d846b05d2f16f0b916c"
      }
    }
  ],
  "version" : 3
}
