{
  "originHash" : "5be26a78e2c446a02603058c8cc9d93ba3cb7d20524387b509eca85ce2c3ae73",
  "pins" : [
    {
      "identity" : "alerttoast",
      "kind" : "remoteSourceControl",
      "location" : "https://github.com/elai950/AlertToast",
      "state" : {
        "branch" : "master",
        "revision" : "76a1c1793cd3443001c20c6033beb84453b25d9f"
      }
    },
    {
      "identity" : "axistabview",
      "kind" : "remoteSourceControl",
      "location" : "https://github.com/jasudev/AxisTabView",
      "state" : {
        "branch" : "main",
        "revision" : "a96f3ad288a733f1c774ea57bad8be87b45aa56e"
      }
    },
    {
      "identity" : "lazy-view-swiftui",
      "kind" : "remoteSourceControl",
      "location" : "https://github.com/joehinkle11/Lazy-View-SwiftUI",
      "state" : {
        "branch" : "master",
        "revision" : "0f838ed8eb0beb3faab35aae225f2545a1dd5338"
      }
    },
    {
      "identity" : "loremipsum",
      "kind" : "remoteSourceControl",
      "location" : "https://github.com/lukaskubanek/LoremIpsum",
      "state" : {
        "branch" : "master",
        "revision" : "3c739014fd11bcf0a3b2263b95b89d12f1257579"
      }
    },
    {
      "identity" : "scalingheaderscrollview",
      "kind" : "remoteSourceControl",
      "location" : "https://github.com/exyte/ScalingHeaderScrollView",
      "state" : {
        "branch" : "master",
        "revision" : "87cc269444490be1ba231038718267aceca1f895"
      }
    },
    {
      "identity" : "swift-log",
      "kind" : "remoteSourceControl",
      "location" : "https://github.com/apple/swift-log.git",
      "state" : {
        "revision" : "9cb486020ebf03bfa5b5df985387a14a98744537",
        "version" : "1.6.1"
      }
    },
    {
      "identity" : "swiftui-introspect",
      "kind" : "remoteSourceControl",
      "location" : "https://github.com/siteline/swiftui-introspect",
      "state" : {
        "branch" : "main",
        "revision" : "807f73ce09a9b9723f12385e592b4e0aaebd3336"
      }
    },
    {
      "identity" : "swiftui-side-menu",
      "kind" : "remoteSourceControl",
      "location" : "https://github.com/globulus/swiftui-side-menu",
      "state" : {
        "branch" : "main",
        "revision" : "7a4dc9412bd8c2abf8b6d58bae620ba892f2133b"
      }
    },
    {
      "identity" : "swiftuimasonry",
      "kind" : "remoteSourceControl",
      "location" : "https://github.com/ciaranrobrien/SwiftUIMasonry",
      "state" : {
        "branch" : "main",
        "revision" : "651f84e32edd11919874fbd9167b50ecb60a72db"
      }
    },
    {
      "identity" : "ztron-routing-kit",
      "kind" : "remoteSourceControl",
      "location" : "https://github.com/NickTheFreak97/ztron-routing-kit.git",
      "state" : {
        "branch" : "main",
        "revision" : "b2806b68f199c6a5f51572da90c6357f5a09dd3f"
      }
    },
    {
      "identity" : "ztronrouter",
      "kind" : "remoteSourceControl",
      "location" : "https://github.com/NiccoloBargioni/ZTronRouter",
      "state" : {
        "branch" : "main",
        "revision" : "99c3dee492c5619e86ea3d846b05d2f16f0b916c"
      }
    },
    {
      "identity" : "ztronspendingsheet",
      "kind" : "remoteSourceControl",
      "location" : "https://github.com/NiccoloBargioni/ZTronSpendingSheet",
      "state" : {
        "branch" : "main",
        "revision" : "63a2358867529ece4e5408fcffb25bb2f25576f5"
      }
    }
  ],
  "version" : 3
}
